# This file is automatically @generated by Cargo.
# It is not intended for manual editing.
version = 3

[[package]]
name = "bytemuck"
version = "1.16.1"
source = "registry+https://github.com/rust-lang/crates.io-index"
checksum = "b236fc92302c97ed75b38da1f4917b5cdda4984745740f153a5d3059e48d725e"

[[package]]
name = "pixel_convert"
version = "0.0.1"
dependencies = [
 "rgb",
]

[[package]]
name = "rgb"
version = "0.8.45"
source = "registry+https://github.com/rust-lang/crates.io-index"
checksum = "ade4539f42266ded9e755c605bdddf546242b2c961b03b06a7375260788a0523"
dependencies = [
 "bytemuck",
]
